
Microsoft Visual Studio Solution File, Format Version 12.00
# Visual Studio Version 16
VisualStudioVersion = 16.0.31624.102
MinimumVisualStudioVersion = 10.0.40219.1
Project("{FAE04EC0-301F-11D3-BF4B-00C04F79EFBC}") = "ReactTemplateProject", "ReactTemplateProject.csproj", "{D2BCF9D4-4B7B-4ACD-8165-B176A648DF2A}"
EndProject
Global
	GlobalSection(SolutionConfigurationPlatforms) = preSolution
		Debug|Any CPU = Debug|Any CPU
		Release|Any CPU = Release|Any CPU
	EndGlobalSection
	GlobalSection(ProjectConfigurationPlatforms) = postSolution
		{D2BCF9D4-4B7B-4ACD-8165-B176A648DF2A}.Debug|Any CPU.ActiveCfg = Debug|Any CPU
		{D2BCF9D4-4B7B-4ACD-8165-B176A648DF2A}.Debug|Any CPU.Build.0 = Debug|Any CPU
		{D2BCF9D4-4B7B-4ACD-8165-B176A648DF2A}.Release|Any CPU.ActiveCfg = Release|Any CPU
		{D2BCF9D4-4B7B-4ACD-8165-B176A648DF2A}.Release|Any CPU.Build.0 = Release|Any CPU
	EndGlobalSection
	GlobalSection(SolutionProperties) = preSolution
		HideSolutionNode = FALSE
	EndGlobalSection
	GlobalSection(ExtensibilityGlobals) = postSolution
		SolutionGuid = {E93CBBDC-6DFC-4760-8C4C-C43D13161986}
	EndGlobalSection
EndGlobal
